
Microsoft Visual Studio Solution File, Format Version 11.00
# Visual Studio 2010
Project("{FAE04EC0-301F-11D3-BF4B-00C04F79EFBC}") = "MMLibrarySystem", "MMLibrarySystem\MMLibrarySystem.csproj", "{26FE3326-26DC-4476-8A02-8E8D66C1A4E4}"
EndProject
Project("{FAE04EC0-301F-11D3-BF4B-00C04F79EFBC}") = "Modules", "Modules\Modules.csproj", "{E95F6B57-4704-44A7-B30B-12F2D5152B62}"
EndProject
Project("{FAE04EC0-301F-11D3-BF4B-00C04F79EFBC}") = "Schedule", "Schedule\Schedule.csproj", "{034195D7-7E6A-4F22-A8FA-6AEA0DB80DDC}"
EndProject
Project("{FAE04EC0-301F-11D3-BF4B-00C04F79EFBC}") = "Infrastructure", "Infrastructure\Infrastructure.csproj", "{BA7278AC-C3FB-44B2-90BD-7863442464A7}"
EndProject
Global
	GlobalSection(SolutionConfigurationPlatforms) = preSolution
		Debug|Any CPU = Debug|Any CPU
		Debug|Mixed Platforms = Debug|Mixed Platforms
		Debug|x86 = Debug|x86
		Release|Any CPU = Release|Any CPU
		Release|Mixed Platforms = Release|Mixed Platforms
		Release|x86 = Release|x86
	EndGlobalSection
	GlobalSection(ProjectConfigurationPlatforms) = postSolution
		{26FE3326-26DC-4476-8A02-8E8D66C1A4E4}.Debug|Any CPU.ActiveCfg = Debug|Any CPU
		{26FE3326-26DC-4476-8A02-8E8D66C1A4E4}.Debug|Any CPU.Build.0 = Debug|Any CPU
		{26FE3326-26DC-4476-8A02-8E8D66C1A4E4}.Debug|Mixed Platforms.ActiveCfg = Debug|Any CPU
		{26FE3326-26DC-4476-8A02-8E8D66C1A4E4}.Debug|Mixed Platforms.Build.0 = Debug|Any CPU
		{26FE3326-26DC-4476-8A02-8E8D66C1A4E4}.Debug|x86.ActiveCfg = Debug|Any CPU
		{26FE3326-26DC-4476-8A02-8E8D66C1A4E4}.Release|Any CPU.ActiveCfg = Release|Any CPU
		{26FE3326-26DC-4476-8A02-8E8D66C1A4E4}.Release|Any CPU.Build.0 = Release|Any CPU
		{26FE3326-26DC-4476-8A02-8E8D66C1A4E4}.Release|Mixed Platforms.ActiveCfg = Release|Any CPU
		{26FE3326-26DC-4476-8A02-8E8D66C1A4E4}.Release|Mixed Platforms.Build.0 = Release|Any CPU
		{26FE3326-26DC-4476-8A02-8E8D66C1A4E4}.Release|x86.ActiveCfg = Release|Any CPU
		{E95F6B57-4704-44A7-B30B-12F2D5152B62}.Debug|Any CPU.ActiveCfg = Debug|Any CPU
		{E95F6B57-4704-44A7-B30B-12F2D5152B62}.Debug|Any CPU.Build.0 = Debug|Any CPU
		{E95F6B57-4704-44A7-B30B-12F2D5152B62}.Debug|Mixed Platforms.ActiveCfg = Debug|Any CPU
		{E95F6B57-4704-44A7-B30B-12F2D5152B62}.Debug|Mixed Platforms.Build.0 = Debug|Any CPU
		{E95F6B57-4704-44A7-B30B-12F2D5152B62}.Debug|x86.ActiveCfg = Debug|Any CPU
		{E95F6B57-4704-44A7-B30B-12F2D5152B62}.Release|Any CPU.ActiveCfg = Release|Any CPU
		{E95F6B57-4704-44A7-B30B-12F2D5152B62}.Release|Any CPU.Build.0 = Release|Any CPU
		{E95F6B57-4704-44A7-B30B-12F2D5152B62}.Release|Mixed Platforms.ActiveCfg = Release|Any CPU
		{E95F6B57-4704-44A7-B30B-12F2D5152B62}.Release|Mixed Platforms.Build.0 = Release|Any CPU
		{E95F6B57-4704-44A7-B30B-12F2D5152B62}.Release|x86.ActiveCfg = Release|Any CPU
		{034195D7-7E6A-4F22-A8FA-6AEA0DB80DDC}.Debug|Any CPU.ActiveCfg = Debug|x86
		{034195D7-7E6A-4F22-A8FA-6AEA0DB80DDC}.Debug|Mixed Platforms.ActiveCfg = Debug|x86
		{034195D7-7E6A-4F22-A8FA-6AEA0DB80DDC}.Debug|Mixed Platforms.Build.0 = Debug|x86
		{034195D7-7E6A-4F22-A8FA-6AEA0DB80DDC}.Debug|x86.ActiveCfg = Debug|x86
		{034195D7-7E6A-4F22-A8FA-6AEA0DB80DDC}.Debug|x86.Build.0 = Debug|x86
		{034195D7-7E6A-4F22-A8FA-6AEA0DB80DDC}.Release|Any CPU.ActiveCfg = Release|x86
		{034195D7-7E6A-4F22-A8FA-6AEA0DB80DDC}.Release|Mixed Platforms.ActiveCfg = Release|x86
		{034195D7-7E6A-4F22-A8FA-6AEA0DB80DDC}.Release|Mixed Platforms.Build.0 = Release|x86
		{034195D7-7E6A-4F22-A8FA-6AEA0DB80DDC}.Release|x86.ActiveCfg = Release|x86
		{034195D7-7E6A-4F22-A8FA-6AEA0DB80DDC}.Release|x86.Build.0 = Release|x86
		{BA7278AC-C3FB-44B2-90BD-7863442464A7}.Debug|Any CPU.ActiveCfg = Debug|Any CPU
		{BA7278AC-C3FB-44B2-90BD-7863442464A7}.Debug|Any CPU.Build.0 = Debug|Any CPU
		{BA7278AC-C3FB-44B2-90BD-7863442464A7}.Debug|Mixed Platforms.ActiveCfg = Debug|Any CPU
		{BA7278AC-C3FB-44B2-90BD-7863442464A7}.Debug|Mixed Platforms.Build.0 = Debug|Any CPU
		{BA7278AC-C3FB-44B2-90BD-7863442464A7}.Debug|x86.ActiveCfg = Debug|Any CPU
		{BA7278AC-C3FB-44B2-90BD-7863442464A7}.Release|Any CPU.ActiveCfg = Release|Any CPU
		{BA7278AC-C3FB-44B2-90BD-7863442464A7}.Release|Any CPU.Build.0 = Release|Any CPU
		{BA7278AC-C3FB-44B2-90BD-7863442464A7}.Release|Mixed Platforms.ActiveCfg = Release|Any CPU
		{BA7278AC-C3FB-44B2-90BD-7863442464A7}.Release|Mixed Platforms.Build.0 = Release|Any CPU
		{BA7278AC-C3FB-44B2-90BD-7863442464A7}.Release|x86.ActiveCfg = Release|Any CPU
	EndGlobalSection
	GlobalSection(SolutionProperties) = preSolution
		HideSolutionNode = FALSE
	EndGlobalSection
EndGlobal
